
Microsoft Visual Studio Solution File, Format Version 12.00
# Visual Studio Version 16
VisualStudioVersion = 16.0.31025.194
MinimumVisualStudioVersion = 10.0.40219.1
Project("{FAE04EC0-301F-11D3-BF4B-00C04F79EFBC}") = "FaceRec", "FaceRec\FaceRec.csproj", "{361B53C9-AABA-4D02-8747-1161342511B6}"
EndProject
Global
	GlobalSection(SolutionConfigurationPlatforms) = preSolution
		Debug|Any CPU = Debug|Any CPU
		Release|Any CPU = Release|Any CPU
	EndGlobalSection
	GlobalSection(ProjectConfigurationPlatforms) = postSolution
		{361B53C9-AABA-4D02-8747-1161342511B6}.Debug|Any CPU.ActiveCfg = Debug|Any CPU
		{361B53C9-AABA-4D02-8747-1161342511B6}.Debug|Any CPU.Build.0 = Debug|Any CPU
		{361B53C9-AABA-4D02-8747-1161342511B6}.Release|Any CPU.ActiveCfg = Release|Any CPU
		{361B53C9-AABA-4D02-8747-1161342511B6}.Release|Any CPU.Build.0 = Release|Any CPU
	EndGlobalSection
	GlobalSection(SolutionProperties) = preSolution
		HideSolutionNode = FALSE
	EndGlobalSection
	GlobalSection(ExtensibilityGlobals) = postSolution
		SolutionGuid = {B9ABF465-AED9-4800-BB83-9A3E417A7686}
	EndGlobalSection
EndGlobal
